// !$*UTF8*$!
{
	archiveVersion = 1;
	classes = {
	};
	objectVersion = 56;
	objects = {

/* Begin PBXBuildFile section */
		D66043F92B19C11E00494D1E /* lab5App.swift in Sources */ = {isa = PBXBuildFile; fileRef = D66043F82B19C11E00494D1E /* lab5App.swift */; };
		D66043FB2B19C11E00494D1E /* ContentView.swift in Sources */ = {isa = PBXBuildFile; fileRef = D66043FA2B19C11E00494D1E /* ContentView.swift */; };
		D66043FD2B19C12000494D1E /* Assets.xcassets in Resources */ = {isa = PBXBuildFile; fileRef = D66043FC2B19C12000494D1E /* Assets.xcassets */; };
		D66044002B19C12000494D1E /* Preview Assets.xcassets in Resources */ = {isa = PBXBuildFile; fileRef = D66043FF2B19C12000494D1E /* Preview Assets.xcassets */; };
		D660440A2B19C12000494D1E /* lab5Tests.swift in Sources */ = {isa = PBXBuildFile; fileRef = D66044092B19C12000494D1E /* lab5Tests.swift */; };
		D66044142B19C12000494D1E /* lab5UITests.swift in Sources */ = {isa = PBXBuildFile; fileRef = D66044132B19C12000494D1E /* lab5UITests.swift */; };
		D66044162B19C12000494D1E /* lab5UITestsLaunchTests.swift in Sources */ = {isa = PBXBuildFile; fileRef = D66044152B19C12000494D1E /* lab5UITestsLaunchTests.swift */; };
		D66044242B19C16700494D1E /* 3.pdf in Resources */ = {isa = PBXBuildFile; fileRef = D66044222B19C16700494D1E /* 3.pdf */; };
		D66044252B19C16700494D1E /* 1.pdf in Resources */ = {isa = PBXBuildFile; fileRef = D66044232B19C16700494D1E /* 1.pdf */; };
		D66044272B19C19E00494D1E /* PDFKitRepresentedView.swift in Sources */ = {isa = PBXBuildFile; fileRef = D66044262B19C19E00494D1E /* PDFKitRepresentedView.swift */; };
		D660442B2B19CB4500494D1E /* 2.pdf in Resources */ = {isa = PBXBuildFile; fileRef = D660442A2B19CB4500494D1E /* 2.pdf */; };
		D660442E2B19CE4D00494D1E /* 7.pdf in Resources */ = {isa = PBXBuildFile; fileRef = D660442C2B19CE4D00494D1E /* 7.pdf */; };
		D660442F2B19CE4D00494D1E /* 5.pdf in Resources */ = {isa = PBXBuildFile; fileRef = D660442D2B19CE4D00494D1E /* 5.pdf */; };
/* End PBXBuildFile section */

/* Begin PBXContainerItemProxy section */
		D66044062B19C12000494D1E /* PBXContainerItemProxy */ = {
			isa = PBXContainerItemProxy;
			containerPortal = D66043ED2B19C11E00494D1E /* Project object */;
			proxyType = 1;
			remoteGlobalIDString = D66043F42B19C11E00494D1E;
			remoteInfo = lab5;
		};
		D66044102B19C12000494D1E /* PBXContainerItemProxy */ = {
			isa = PBXContainerItemProxy;
			containerPortal = D66043ED2B19C11E00494D1E /* Project object */;
			proxyType = 1;
			remoteGlobalIDString = D66043F42B19C11E00494D1E;
			remoteInfo = lab5;
		};
/* End PBXContainerItemProxy section */

/* Begin PBXFileReference section */
		D66043F52B19C11E00494D1E /* lab5.app */ = {isa = PBXFileReference; explicitFileType = wrapper.application; includeInIndex = 0; path = lab5.app; sourceTree = BUILT_PRODUCTS_DIR; };
		D66043F82B19C11E00494D1E /* lab5App.swift */ = {isa = PBXFileReference; lastKnownFileType = sourcecode.swift; path = lab5App.swift; sourceTree = "<group>"; };
		D66043FA2B19C11E00494D1E /* ContentView.swift */ = {isa = PBXFileReference; lastKnownFileType = sourcecode.swift; path = ContentView.swift; sourceTree = "<group>"; };
		D66043FC2B19C12000494D1E /* Assets.xcassets */ = {isa = PBXFileReference; lastKnownFileType = folder.assetcatalog; path = Assets.xcassets; sourceTree = "<group>"; };
		D66043FF2B19C12000494D1E /* Preview Assets.xcassets */ = {isa = PBXFileReference; lastKnownFileType = folder.assetcatalog; path = "Preview Assets.xcassets"; sourceTree = "<group>"; };
		D66044052B19C12000494D1E /* lab5Tests.xctest */ = {isa = PBXFileReference; explicitFileType = wrapper.cfbundle; includeInIndex = 0; path = lab5Tests.xctest; sourceTree = BUILT_PRODUCTS_DIR; };
		D66044092B19C12000494D1E /* lab5Tests.swift */ = {isa = PBXFileReference; lastKnownFileType = sourcecode.swift; path = lab5Tests.swift; sourceTree = "<group>"; };
		D660440F2B19C12000494D1E /* lab5UITests.xctest */ = {isa = PBXFileReference; explicitFileType = wrapper.cfbundle; includeInIndex = 0; path = lab5UITests.xctest; sourceTree = BUILT_PRODUCTS_DIR; };
		D66044132B19C12000494D1E /* lab5UITests.swift */ = {isa = PBXFileReference; lastKnownFileType = sourcecode.swift; path = lab5UITests.swift; sourceTree = "<group>"; };
		D66044152B19C12000494D1E /* lab5UITestsLaunchTests.swift */ = {isa = PBXFileReference; lastKnownFileType = sourcecode.swift; path = lab5UITestsLaunchTests.swift; sourceTree = "<group>"; };
		D66044222B19C16700494D1E /* 3.pdf */ = {isa = PBXFileReference; lastKnownFileType = image.pdf; path = 3.pdf; sourceTree = "<group>"; };
		D66044232B19C16700494D1E /* 1.pdf */ = {isa = PBXFileReference; lastKnownFileType = image.pdf; path = 1.pdf; sourceTree = "<group>"; };
		D66044262B19C19E00494D1E /* PDFKitRepresentedView.swift */ = {isa = PBXFileReference; lastKnownFileType = sourcecode.swift; path = PDFKitRepresentedView.swift; sourceTree = "<group>"; };
		D660442A2B19CB4500494D1E /* 2.pdf */ = {isa = PBXFileReference; lastKnownFileType = image.pdf; name = 2.pdf; path = ../../2.pdf; sourceTree = "<group>"; };
		D660442C2B19CE4D00494D1E /* 7.pdf */ = {isa = PBXFileReference; lastKnownFileType = image.pdf; path = 7.pdf; sourceTree = "<group>"; };
		D660442D2B19CE4D00494D1E /* 5.pdf */ = {isa = PBXFileReference; lastKnownFileType = image.pdf; path = 5.pdf; sourceTree = "<group>"; };
/* End PBXFileReference section */

/* Begin PBXFrameworksBuildPhase section */
		D66043F22B19C11E00494D1E /* Frameworks */ = {
			isa = PBXFrameworksBuildPhase;
			buildActionMask = 2147483647;
			files = (
			);
			runOnlyForDeploymentPostprocessing = 0;
		};
		D66044022B19C12000494D1E /* Frameworks */ = {
			isa = PBXFrameworksBuildPhase;
			buildActionMask = 2147483647;
			files = (
			);
			runOnlyForDeploymentPostprocessing = 0;
		};
		D660440C2B19C12000494D1E /* Frameworks */ = {
			isa = PBXFrameworksBuildPhase;
			buildActionMask = 2147483647;
			files = (
			);
			runOnlyForDeploymentPostprocessing = 0;
		};
/* End PBXFrameworksBuildPhase section */

/* Begin PBXGroup section */
		D66043EC2B19C11E00494D1E = {
			isa = PBXGroup;
			children = (
				D66043F72B19C11E00494D1E /* lab5 */,
				D66044082B19C12000494D1E /* lab5Tests */,
				D66044122B19C12000494D1E /* lab5UITests */,
				D66043F62B19C11E00494D1E /* Products */,
			);
			sourceTree = "<group>";
		};
		D66043F62B19C11E00494D1E /* Products */ = {
			isa = PBXGroup;
			children = (
				D66043F52B19C11E00494D1E /* lab5.app */,
				D66044052B19C12000494D1E /* lab5Tests.xctest */,
				D660440F2B19C12000494D1E /* lab5UITests.xctest */,
			);
			name = Products;
			sourceTree = "<group>";
		};
		D66043F72B19C11E00494D1E /* lab5 */ = {
			isa = PBXGroup;
			children = (
				D66044232B19C16700494D1E /* 1.pdf */,
				D660442A2B19CB4500494D1E /* 2.pdf */,
				D66044222B19C16700494D1E /* 3.pdf */,
				D660442D2B19CE4D00494D1E /* 5.pdf */,
				D660442C2B19CE4D00494D1E /* 7.pdf */,
				D66043F82B19C11E00494D1E /* lab5App.swift */,
				D66043FA2B19C11E00494D1E /* ContentView.swift */,
				D66044262B19C19E00494D1E /* PDFKitRepresentedView.swift */,
				D66043FC2B19C12000494D1E /* Assets.xcassets */,
				D66043FE2B19C12000494D1E /* Preview Content */,
			);
			path = lab5;
			sourceTree = "<group>";
		};
		D66043FE2B19C12000494D1E /* Preview Content */ = {
			isa = PBXGroup;
			children = (
				D66043FF2B19C12000494D1E /* Preview Assets.xcassets */,
			);
			path = "Preview Content";
			sourceTree = "<group>";
		};
		D66044082B19C12000494D1E /* lab5Tests */ = {
			isa = PBXGroup;
			children = (
				D66044092B19C12000494D1E /* lab5Tests.swift */,
			);
			path = lab5Tests;
			sourceTree = "<group>";
		};
		D66044122B19C12000494D1E /* lab5UITests */ = {
			isa = PBXGroup;
			children = (
				D66044132B19C12000494D1E /* lab5UITests.swift */,
				D66044152B19C12000494D1E /* lab5UITestsLaunchTests.swift */,
			);
			path = lab5UITests;
			sourceTree = "<group>";
		};
/* End PBXGroup section */

/* Begin PBXNativeTarget section */
		D66043F42B19C11E00494D1E /* lab5 */ = {
			isa = PBXNativeTarget;
			buildConfigurationList = D66044192B19C12000494D1E /* Build configuration list for PBXNativeTarget "lab5" */;
			buildPhases = (
				D66043F12B19C11E00494D1E /* Sources */,
				D66043F22B19C11E00494D1E /* Frameworks */,
				D66043F32B19C11E00494D1E /* Resources */,
			);
			buildRules = (
			);
			dependencies = (
			);
			name = lab5;
			productName = lab5;
			productReference = D66043F52B19C11E00494D1E /* lab5.app */;
			productType = "com.apple.product-type.application";
		};
		D66044042B19C12000494D1E /* lab5Tests */ = {
			isa = PBXNativeTarget;
			buildConfigurationList = D660441C2B19C12000494D1E /* Build configuration list for PBXNativeTarget "lab5Tests" */;
			buildPhases = (
				D66044012B19C12000494D1E /* Sources */,
				D66044022B19C12000494D1E /* Frameworks */,
				D66044032B19C12000494D1E /* Resources */,
			);
			buildRules = (
			);
			dependencies = (
				D66044072B19C12000494D1E /* PBXTargetDependency */,
			);
			name = lab5Tests;
			productName = lab5Tests;
			productReference = D66044052B19C12000494D1E /* lab5Tests.xctest */;
			productType = "com.apple.product-type.bundle.unit-test";
		};
		D660440E2B19C12000494D1E /* lab5UITests */ = {
			isa = PBXNativeTarget;
			buildConfigurationList = D660441F2B19C12000494D1E /* Build configuration list for PBXNativeTarget "lab5UITests" */;
			buildPhases = (
				D660440B2B19C12000494D1E /* Sources */,
				D660440C2B19C12000494D1E /* Frameworks */,
				D660440D2B19C12000494D1E /* Resources */,
			);
			buildRules = (
			);
			dependencies = (
				D66044112B19C12000494D1E /* PBXTargetDependency */,
			);
			name = lab5UITests;
			productName = lab5UITests;
			productReference = D660440F2B19C12000494D1E /* lab5UITests.xctest */;
			productType = "com.apple.product-type.bundle.ui-testing";
		};
/* End PBXNativeTarget section */

/* Begin PBXProject section */
		D66043ED2B19C11E00494D1E /* Project object */ = {
			isa = PBXProject;
			attributes = {
				BuildIndependentTargetsInParallel = 1;
				LastSwiftUpdateCheck = 1400;
				LastUpgradeCheck = 1400;
				TargetAttributes = {
					D66043F42B19C11E00494D1E = {
						CreatedOnToolsVersion = 14.0.1;
					};
					D66044042B19C12000494D1E = {
						CreatedOnToolsVersion = 14.0.1;
						TestTargetID = D66043F42B19C11E00494D1E;
					};
					D660440E2B19C12000494D1E = {
						CreatedOnToolsVersion = 14.0.1;
						TestTargetID = D66043F42B19C11E00494D1E;
					};
				};
			};
			buildConfigurationList = D66043F02B19C11E00494D1E /* Build configuration list for PBXProject "lab5" */;
			compatibilityVersion = "Xcode 14.0";
			developmentRegion = en;
			hasScannedForEncodings = 0;
			knownRegions = (
				en,
				Base,
			);
			mainGroup = D66043EC2B19C11E00494D1E;
			productRefGroup = D66043F62B19C11E00494D1E /* Products */;
			projectDirPath = "";
			projectRoot = "";
			targets = (
				D66043F42B19C11E00494D1E /* lab5 */,
				D66044042B19C12000494D1E /* lab5Tests */,
				D660440E2B19C12000494D1E /* lab5UITests */,
			);
		};
/* End PBXProject section */

/* Begin PBXResourcesBuildPhase section */
		D66043F32B19C11E00494D1E /* Resources */ = {
			isa = PBXResourcesBuildPhase;
			buildActionMask = 2147483647;
			files = (
				D660442E2B19CE4D00494D1E /* 7.pdf in Resources */,
				D660442F2B19CE4D00494D1E /* 5.pdf in Resources */,
				D66044242B19C16700494D1E /* 3.pdf in Resources */,
				D66044002B19C12000494D1E /* Preview Assets.xcassets in Resources */,
				D66044252B19C16700494D1E /* 1.pdf in Resources */,
				D66043FD2B19C12000494D1E /* Assets.xcassets in Resources */,
				D660442B2B19CB4500494D1E /* 2.pdf in Resources */,
			);
			runOnlyForDeploymentPostprocessing = 0;
		};
		D66044032B19C12000494D1E /* Resources */ = {
			isa = PBXResourcesBuildPhase;
			buildActionMask = 2147483647;
			files = (
			);
			runOnlyForDeploymentPostprocessing = 0;
		};
		D660440D2B19C12000494D1E /* Resources */ = {
			isa = PBXResourcesBuildPhase;
			buildActionMask = 2147483647;
			files = (
			);
			runOnlyForDeploymentPostprocessing = 0;
		};
/* End PBXResourcesBuildPhase section */

/* Begin PBXSourcesBuildPhase section */
		D66043F12B19C11E00494D1E /* Sources */ = {
			isa = PBXSourcesBuildPhase;
			buildActionMask = 2147483647;
			files = (
				D66043FB2B19C11E00494D1E /* ContentView.swift in Sources */,
				D66044272B19C19E00494D1E /* PDFKitRepresentedView.swift in Sources */,
				D66043F92B19C11E00494D1E /* lab5App.swift in Sources */,
			);
			runOnlyForDeploymentPostprocessing = 0;
		};
		D66044012B19C12000494D1E /* Sources */ = {
			isa = PBXSourcesBuildPhase;
			buildActionMask = 2147483647;
			files = (
				D660440A2B19C12000494D1E /* lab5Tests.swift in Sources */,
			);
			runOnlyForDeploymentPostprocessing = 0;
		};
		D660440B2B19C12000494D1E /* Sources */ = {
			isa = PBXSourcesBuildPhase;
			buildActionMask = 2147483647;
			files = (
				D66044162B19C12000494D1E /* lab5UITestsLaunchTests.swift in Sources */,
				D66044142B19C12000494D1E /* lab5UITests.swift in Sources */,
			);
			runOnlyForDeploymentPostprocessing = 0;
		};
/* End PBXSourcesBuildPhase section */

/* Begin PBXTargetDependency section */
		D66044072B19C12000494D1E /* PBXTargetDependency */ = {
			isa = PBXTargetDependency;
			target = D66043F42B19C11E00494D1E /* lab5 */;
			targetProxy = D66044062B19C12000494D1E /* PBXContainerItemProxy */;
		};
		D66044112B19C12000494D1E /* PBXTargetDependency */ = {
			isa = PBXTargetDependency;
			target = D66043F42B19C11E00494D1E /* lab5 */;
			targetProxy = D66044102B19C12000494D1E /* PBXContainerItemProxy */;
		};
/* End PBXTargetDependency section */

/* Begin XCBuildConfiguration section */
		D66044172B19C12000494D1E /* Debug */ = {
			isa = XCBuildConfiguration;
			buildSettings = {
				ALWAYS_SEARCH_USER_PATHS = NO;
				CLANG_ANALYZER_NONNULL = YES;
				CLANG_ANALYZER_NUMBER_OBJECT_CONVERSION = YES_AGGRESSIVE;
				CLANG_CXX_LANGUAGE_STANDARD = "gnu++20";
				CLANG_ENABLE_MODULES = YES;
				CLANG_ENABLE_OBJC_ARC = YES;
				CLANG_ENABLE_OBJC_WEAK = YES;
				CLANG_WARN_BLOCK_CAPTURE_AUTORELEASING = YES;
				CLANG_WARN_BOOL_CONVERSION = YES;
				CLANG_WARN_COMMA = YES;
				CLANG_WARN_CONSTANT_CONVERSION = YES;
				CLANG_WARN_DEPRECATED_OBJC_IMPLEMENTATIONS = YES;
				CLANG_WARN_DIRECT_OBJC_ISA_USAGE = YES_ERROR;
				CLANG_WARN_DOCUMENTATION_COMMENTS = YES;
				CLANG_WARN_EMPTY_BODY = YES;
				CLANG_WARN_ENUM_CONVERSION = YES;
				CLANG_WARN_INFINITE_RECURSION = YES;
				CLANG_WARN_INT_CONVERSION = YES;
				CLANG_WARN_NON_LITERAL_NULL_CONVERSION = YES;
				CLANG_WARN_OBJC_IMPLICIT_RETAIN_SELF = YES;
				CLANG_WARN_OBJC_LITERAL_CONVERSION = YES;
				CLANG_WARN_OBJC_ROOT_CLASS = YES_ERROR;
				CLANG_WARN_QUOTED_INCLUDE_IN_FRAMEWORK_HEADER = YES;
				CLANG_WARN_RANGE_LOOP_ANALYSIS = YES;
				CLANG_WARN_STRICT_PROTOTYPES = YES;
				CLANG_WARN_SUSPICIOUS_MOVE = YES;
				CLANG_WARN_UNGUARDED_AVAILABILITY = YES_AGGRESSIVE;
				CLANG_WARN_UNREACHABLE_CODE = YES;
				CLANG_WARN__DUPLICATE_METHOD_MATCH = YES;
				COPY_PHASE_STRIP = NO;
				DEBUG_INFORMATION_FORMAT = dwarf;
				ENABLE_STRICT_OBJC_MSGSEND = YES;
				ENABLE_TESTABILITY = YES;
				GCC_C_LANGUAGE_STANDARD = gnu11;
				GCC_DYNAMIC_NO_PIC = NO;
				GCC_NO_COMMON_BLOCKS = YES;
				GCC_OPTIMIZATION_LEVEL = 0;
				GCC_PREPROCESSOR_DEFINITIONS = (
					"DEBUG=1",
					"$(inherited)",
				);
				GCC_WARN_64_TO_32_BIT_CONVERSION = YES;
				GCC_WARN_ABOUT_RETURN_TYPE = YES_ERROR;
				GCC_WARN_UNDECLARED_SELECTOR = YES;
				GCC_WARN_UNINITIALIZED_AUTOS = YES_AGGRESSIVE;
				GCC_WARN_UNUSED_FUNCTION = YES;
				GCC_WARN_UNUSED_VARIABLE = YES;
				IPHONEOS_DEPLOYMENT_TARGET = 16.0;
				MTL_ENABLE_DEBUG_INFO = INCLUDE_SOURCE;
				MTL_FAST_MATH = YES;
				ONLY_ACTIVE_ARCH = YES;
				SDKROOT = iphoneos;
				SWIFT_ACTIVE_COMPILATION_CONDITIONS = DEBUG;
				SWIFT_OPTIMIZATION_LEVEL = "-Onone";
			};
			name = Debug;
		};
		D66044182B19C12000494D1E /* Release */ = {
			isa = XCBuildConfiguration;
			buildSettings = {
				ALWAYS_SEARCH_USER_PATHS = NO;
				CLANG_ANALYZER_NONNULL = YES;
				CLANG_ANALYZER_NUMBER_OBJECT_CONVERSION = YES_AGGRESSIVE;
				CLANG_CXX_LANGUAGE_STANDARD = "gnu++20";
				CLANG_ENABLE_MODULES = YES;
				CLANG_ENABLE_OBJC_ARC = YES;
				CLANG_ENABLE_OBJC_WEAK = YES;
				CLANG_WARN_BLOCK_CAPTURE_AUTORELEASING = YES;
				CLANG_WARN_BOOL_CONVERSION = YES;
				CLANG_WARN_COMMA = YES;
				CLANG_WARN_CONSTANT_CONVERSION = YES;
				CLANG_WARN_DEPRECATED_OBJC_IMPLEMENTATIONS = YES;
				CLANG_WARN_DIRECT_OBJC_ISA_USAGE = YES_ERROR;
				CLANG_WARN_DOCUMENTATION_COMMENTS = YES;
				CLANG_WARN_EMPTY_BODY = YES;
				CLANG_WARN_ENUM_CONVERSION = YES;
				CLANG_WARN_INFINITE_RECURSION = YES;
				CLANG_WARN_INT_CONVERSION = YES;
				CLANG_WARN_NON_LITERAL_NULL_CONVERSION = YES;
				CLANG_WARN_OBJC_IMPLICIT_RETAIN_SELF = YES;
				CLANG_WARN_OBJC_LITERAL_CONVERSION = YES;
				CLANG_WARN_OBJC_ROOT_CLASS = YES_ERROR;
				CLANG_WARN_QUOTED_INCLUDE_IN_FRAMEWORK_HEADER = YES;
				CLANG_WARN_RANGE_LOOP_ANALYSIS = YES;
				CLANG_WARN_STRICT_PROTOTYPES = YES;
				CLANG_WARN_SUSPICIOUS_MOVE = YES;
				CLANG_WARN_UNGUARDED_AVAILABILITY = YES_AGGRESSIVE;
				CLANG_WARN_UNREACHABLE_CODE = YES;
				CLANG_WARN__DUPLICATE_METHOD_MATCH = YES;
				COPY_PHASE_STRIP = NO;
				DEBUG_INFORMATION_FORMAT = "dwarf-with-dsym";
				ENABLE_NS_ASSERTIONS = NO;
				ENABLE_STRICT_OBJC_MSGSEND = YES;
				GCC_C_LANGUAGE_STANDARD = gnu11;
				GCC_NO_COMMON_BLOCKS = YES;
				GCC_WARN_64_TO_32_BIT_CONVERSION = YES;
				GCC_WARN_ABOUT_RETURN_TYPE = YES_ERROR;
				GCC_WARN_UNDECLARED_SELECTOR = YES;
				GCC_WARN_UNINITIALIZED_AUTOS = YES_AGGRESSIVE;
				GCC_WARN_UNUSED_FUNCTION = YES;
				GCC_WARN_UNUSED_VARIABLE = YES;
				IPHONEOS_DEPLOYMENT_TARGET = 16.0;
				MTL_ENABLE_DEBUG_INFO = NO;
				MTL_FAST_MATH = YES;
				SDKROOT = iphoneos;
				SWIFT_COMPILATION_MODE = wholemodule;
				SWIFT_OPTIMIZATION_LEVEL = "-O";
				VALIDATE_PRODUCT = YES;
			};
			name = Release;
		};
		D660441A2B19C12000494D1E /* Debug */ = {
			isa = XCBuildConfiguration;
			buildSettings = {
				ASSETCATALOG_COMPILER_APPICON_NAME = AppIcon;
				ASSETCATALOG_COMPILER_GLOBAL_ACCENT_COLOR_NAME = AccentColor;
				CODE_SIGN_STYLE = Automatic;
				CURRENT_PROJECT_VERSION = 1;
				DEVELOPMENT_ASSET_PATHS = "\"lab5/Preview Content\"";
				DEVELOPMENT_TEAM = 58QPQZX742;
				ENABLE_PREVIEWS = YES;
				GENERATE_INFOPLIST_FILE = YES;
				INFOPLIST_KEY_UIApplicationSceneManifest_Generation = YES;
				INFOPLIST_KEY_UIApplicationSupportsIndirectInputEvents = YES;
				INFOPLIST_KEY_UILaunchScreen_Generation = YES;
				INFOPLIST_KEY_UISupportedInterfaceOrientations_iPad = "UIInterfaceOrientationPortrait UIInterfaceOrientationPortraitUpsideDown UIInterfaceOrientationLandscapeLeft UIInterfaceOrientationLandscapeRight";
				INFOPLIST_KEY_UISupportedInterfaceOrientations_iPhone = "UIInterfaceOrientationPortrait UIInterfaceOrientationLandscapeLeft UIInterfaceOrientationLandscapeRight";
				LD_RUNPATH_SEARCH_PATHS = (
					"$(inherited)",
					"@executable_path/Frameworks",
				);
				MARKETING_VERSION = 1.0;
				PRODUCT_BUNDLE_IDENTIFIER = AliExsay.lab5;
				PRODUCT_NAME = "$(TARGET_NAME)";
				SWIFT_EMIT_LOC_STRINGS = YES;
				SWIFT_VERSION = 5.0;
				TARGETED_DEVICE_FAMILY = "1,2";
			};
			name = Debug;
		};
		D660441B2B19C12000494D1E /* Release */ = {
			isa = XCBuildConfiguration;
			buildSettings = {
				ASSETCATALOG_COMPILER_APPICON_NAME = AppIcon;
				ASSETCATALOG_COMPILER_GLOBAL_ACCENT_COLOR_NAME = AccentColor;
				CODE_SIGN_STYLE = Automatic;
				CURRENT_PROJECT_VERSION = 1;
				DEVELOPMENT_ASSET_PATHS = "\"lab5/Preview Content\"";
				DEVELOPMENT_TEAM = 58QPQZX742;
				ENABLE_PREVIEWS = YES;
				GENERATE_INFOPLIST_FILE = YES;
				INFOPLIST_KEY_UIApplicationSceneManifest_Generation = YES;
				INFOPLIST_KEY_UIApplicationSupportsIndirectInputEvents = YES;
				INFOPLIST_KEY_UILaunchScreen_Generation = YES;
				INFOPLIST_KEY_UISupportedInterfaceOrientations_iPad = "UIInterfaceOrientationPortrait UIInterfaceOrientationPortraitUpsideDown UIInterfaceOrientationLandscapeLeft UIInterfaceOrientationLandscapeRight";
				INFOPLIST_KEY_UISupportedInterfaceOrientations_iPhone = "UIInterfaceOrientationPortrait UIInterfaceOrientationLandscapeLeft UIInterfaceOrientationLandscapeRight";
				LD_RUNPATH_SEARCH_PATHS = (
					"$(inherited)",
					"@executable_path/Frameworks",
				);
				MARKETING_VERSION = 1.0;
				PRODUCT_BUNDLE_IDENTIFIER = AliExsay.lab5;
				PRODUCT_NAME = "$(TARGET_NAME)";
				SWIFT_EMIT_LOC_STRINGS = YES;
				SWIFT_VERSION = 5.0;
				TARGETED_DEVICE_FAMILY = "1,2";
			};
			name = Release;
		};
		D660441D2B19C12000494D1E /* Debug */ = {
			isa = XCBuildConfiguration;
			buildSettings = {
				ALWAYS_EMBED_SWIFT_STANDARD_LIBRARIES = YES;
				BUNDLE_LOADER = "$(TEST_HOST)";
				CODE_SIGN_STYLE = Automatic;
				CURRENT_PROJECT_VERSION = 1;
				DEVELOPMENT_TEAM = 58QPQZX742;
				GENERATE_INFOPLIST_FILE = YES;
				IPHONEOS_DEPLOYMENT_TARGET = 16.0;
				MARKETING_VERSION = 1.0;
				PRODUCT_BUNDLE_IDENTIFIER = AliExsay.lab5Tests;
				PRODUCT_NAME = "$(TARGET_NAME)";
				SWIFT_EMIT_LOC_STRINGS = NO;
				SWIFT_VERSION = 5.0;
				TARGETED_DEVICE_FAMILY = "1,2";
				TEST_HOST = "$(BUILT_PRODUCTS_DIR)/lab5.app/$(BUNDLE_EXECUTABLE_FOLDER_PATH)/lab5";
			};
			name = Debug;
		};
		D660441E2B19C12000494D1E /* Release */ = {
			isa = XCBuildConfiguration;
			buildSettings = {
				ALWAYS_EMBED_SWIFT_STANDARD_LIBRARIES = YES;
				BUNDLE_LOADER = "$(TEST_HOST)";
				CODE_SIGN_STYLE = Automatic;
				CURRENT_PROJECT_VERSION = 1;
				DEVELOPMENT_TEAM = 58QPQZX742;
				GENERATE_INFOPLIST_FILE = YES;
				IPHONEOS_DEPLOYMENT_TARGET = 16.0;
				MARKETING_VERSION = 1.0;
				PRODUCT_BUNDLE_IDENTIFIER = AliExsay.lab5Tests;
				PRODUCT_NAME = "$(TARGET_NAME)";
				SWIFT_EMIT_LOC_STRINGS = NO;
				SWIFT_VERSION = 5.0;
				TARGETED_DEVICE_FAMILY = "1,2";
				TEST_HOST = "$(BUILT_PRODUCTS_DIR)/lab5.app/$(BUNDLE_EXECUTABLE_FOLDER_PATH)/lab5";
			};
			name = Release;
		};
		D66044202B19C12000494D1E /* Debug */ = {
			isa = XCBuildConfiguration;
			buildSettings = {
				ALWAYS_EMBED_SWIFT_STANDARD_LIBRARIES = YES;
				CODE_SIGN_STYLE = Automatic;
				CURRENT_PROJECT_VERSION = 1;
				DEVELOPMENT_TEAM = 58QPQZX742;
				GENERATE_INFOPLIST_FILE = YES;
				MARKETING_VERSION = 1.0;
				PRODUCT_BUNDLE_IDENTIFIER = AliExsay.lab5UITests;
				PRODUCT_NAME = "$(TARGET_NAME)";
				SWIFT_EMIT_LOC_STRINGS = NO;
				SWIFT_VERSION = 5.0;
				TARGETED_DEVICE_FAMILY = "1,2";
				TEST_TARGET_NAME = lab5;
			};
			name = Debug;
		};
		D66044212B19C12000494D1E /* Release */ = {
			isa = XCBuildConfiguration;
			buildSettings = {
				ALWAYS_EMBED_SWIFT_STANDARD_LIBRARIES = YES;
				CODE_SIGN_STYLE = Automatic;
				CURRENT_PROJECT_VERSION = 1;
				DEVELOPMENT_TEAM = 58QPQZX742;
				GENERATE_INFOPLIST_FILE = YES;
				MARKETING_VERSION = 1.0;
				PRODUCT_BUNDLE_IDENTIFIER = AliExsay.lab5UITests;
				PRODUCT_NAME = "$(TARGET_NAME)";
				SWIFT_EMIT_LOC_STRINGS = NO;
				SWIFT_VERSION = 5.0;
				TARGETED_DEVICE_FAMILY = "1,2";
				TEST_TARGET_NAME = lab5;
			};
			name = Release;
		};
/* End XCBuildConfiguration section */

/* Begin XCConfigurationList section */
		D66043F02B19C11E00494D1E /* Build configuration list for PBXProject "lab5" */ = {
			isa = XCConfigurationList;
			buildConfigurations = (
				D66044172B19C12000494D1E /* Debug */,
				D66044182B19C12000494D1E /* Release */,
			);
			defaultConfigurationIsVisible = 0;
			defaultConfigurationName = Release;
		};
		D66044192B19C12000494D1E /* Build configuration list for PBXNativeTarget "lab5" */ = {
			isa = XCConfigurationList;
			buildConfigurations = (
				D660441A2B19C12000494D1E /* Debug */,
				D660441B2B19C12000494D1E /* Release */,
			);
			defaultConfigurationIsVisible = 0;
			defaultConfigurationName = Release;
		};
		D660441C2B19C12000494D1E /* Build configuration list for PBXNativeTarget "lab5Tests" */ = {
			isa = XCConfigurationList;
			buildConfigurations = (
				D660441D2B19C12000494D1E /* Debug */,
				D660441E2B19C12000494D1E /* Release */,
			);
			defaultConfigurationIsVisible = 0;
			defaultConfigurationName = Release;
		};
		D660441F2B19C12000494D1E /* Build configuration list for PBXNativeTarget "lab5UITests" */ = {
			isa = XCConfigurationList;
			buildConfigurations = (
				D66044202B19C12000494D1E /* Debug */,
				D66044212B19C12000494D1E /* Release */,
			);
			defaultConfigurationIsVisible = 0;
			defaultConfigurationName = Release;
		};
/* End XCConfigurationList section */
	};
	rootObject = D66043ED2B19C11E00494D1E /* Project object */;
}
